
Microsoft Visual Studio Solution File, Format Version 12.00
# Visual Studio Version 17
VisualStudioVersion = 17.10.35027.167
MinimumVisualStudioVersion = 10.0.40219.1
Project("{FAE04EC0-301F-11D3-BF4B-00C04F79EFBC}") = "ToDoListForPracticC#", "ToDoListForPracticC#\ToDoListForPracticC#.csproj", "{E42F2043-E9A6-415D-9B98-078A816E5267}"
EndProject
Global
	GlobalSection(SolutionConfigurationPlatforms) = preSolution
		Debug|Any CPU = Debug|Any CPU
		Release|Any CPU = Release|Any CPU
	EndGlobalSection
	GlobalSection(ProjectConfigurationPlatforms) = postSolution
		{E42F2043-E9A6-415D-9B98-078A816E5267}.Debug|Any CPU.ActiveCfg = Debug|Any CPU
		{E42F2043-E9A6-415D-9B98-078A816E5267}.Debug|Any CPU.Build.0 = Debug|Any CPU
		{E42F2043-E9A6-415D-9B98-078A816E5267}.Release|Any CPU.ActiveCfg = Release|Any CPU
		{E42F2043-E9A6-415D-9B98-078A816E5267}.Release|Any CPU.Build.0 = Release|Any CPU
	EndGlobalSection
	GlobalSection(SolutionProperties) = preSolution
		HideSolutionNode = FALSE
	EndGlobalSection
	GlobalSection(ExtensibilityGlobals) = postSolution
		SolutionGuid = {2D2CF6E6-F57B-45D7-B3D6-749E857117B6}
	EndGlobalSection
EndGlobal
